PODS:
  - Alamofire (5.4.0)
  - Moya/Core (14.0.0):
    - Alamofire (~> 5.0)
  - Moya/RxSwift (14.0.0):
    - Moya/Core
    - RxSwift (~> 5.0)
  - ObjectMapper (4.2.0)
  - PKHUD (5.2.1)
  - Realm (10.1.4):
    - Realm/Headers (= 10.1.4)
  - Realm/Headers (10.1.4)
  - RealmSwift (10.1.4):
    - Realm (= 10.1.4)
  - RxSwift (5.1.1)
  - SDWebImage (5.9.4):
    - SDWebImage/Core (= 5.9.4)
  - SDWebImage/Core (5.9.4)
  - SwiftLint (0.41.0)
  - SWXMLHash (5.0.1)
  - TPKeyboardAvoidingSwift (3.2)

DEPENDENCIES:
  - Moya/RxSwift
  - ObjectMapper
  - PKHUD (~> 5.2.1)
  - RealmSwift
  - SDWebImage (~> 5.0)
  - SwiftLint
  - SWXMLHash
  - TPKeyboardAvoidingSwift

SPEC REPOS:
  trunk:
    - Alamofire
    - Moya
    - ObjectMapper
    - PKHUD
    - Realm
    - RealmSwift
    - RxSwift
    - SDWebImage
    - SwiftLint
    - SWXMLHash
    - TPKeyboardAvoidingSwift

SPEC CHECKSUMS:
  Alamofire: 3b6a534a3df22db367e4dedeeca73d1ddfcf0e2f
  Moya: 5b45dacb75adb009f97fde91c204c1e565d31916
  ObjectMapper: 1eb41f610210777375fa806bf161dc39fb832b81
  PKHUD: 4e6162c4c39ac367c6934e9855c6b4762ee16256
  Realm: 80f4fb2971ccb9adc27a47d0955ae8e533a7030b
  RealmSwift: 0e566ca714edb377bba8ea0811eafcea0b93734e
  RxSwift: 81470a2074fa8780320ea5fe4102807cb7118178
  SDWebImage: b69257f4ab14e9b6a2ef53e910fdf914d8f757c1
  SwiftLint: c585ebd615d9520d7fbdbe151f527977b0534f1e
  SWXMLHash: 9cc0c2e4807926c74377724aa8722ee5707a0485
  TPKeyboardAvoidingSwift: ce1a75e0bc3af6b485f8bfa1d0a8320cfc565851

PODFILE CHECKSUM: 230af4db19b1f88067b5a74ae22488e82f548654

COCOAPODS: 1.10.0
